// !$*UTF8*$!
{
	archiveVersion = 1;
	classes = {
	};
	objectVersion = 46;
	objects = {

/* Begin PBXBuildFile section */
		7B14DAFB1C94974900C37323 /* AppDelegate.swift in Sources */ = {isa = PBXBuildFile; fileRef = 7B14DAFA1C94974900C37323 /* AppDelegate.swift */; };
		7B14DAFD1C94974900C37323 /* ViewController.swift in Sources */ = {isa = PBXBuildFile; fileRef = 7B14DAFC1C94974900C37323 /* ViewController.swift */; };
		7B14DB001C94974900C37323 /* Main.storyboard in Resources */ = {isa = PBXBuildFile; fileRef = 7B14DAFE1C94974900C37323 /* Main.storyboard */; };
		7B14DB021C94974900C37323 /* Assets.xcassets in Resources */ = {isa = PBXBuildFile; fileRef = 7B14DB011C94974900C37323 /* Assets.xcassets */; };
		7B14DB051C94974900C37323 /* LaunchScreen.storyboard in Resources */ = {isa = PBXBuildFile; fileRef = 7B14DB031C94974900C37323 /* LaunchScreen.storyboard */; };
		7B14DB101C94974900C37323 /* SparkyTests.swift in Sources */ = {isa = PBXBuildFile; fileRef = 7B14DB0F1C94974900C37323 /* SparkyTests.swift */; };
		7B14DB1B1C94974900C37323 /* SparkyUITests.swift in Sources */ = {isa = PBXBuildFile; fileRef = 7B14DB1A1C94974900C37323 /* SparkyUITests.swift */; };
		7B14DB2E1C94CE9900C37323 /* LoginViewController.swift in Sources */ = {isa = PBXBuildFile; fileRef = 7B14DB2D1C94CE9900C37323 /* LoginViewController.swift */; };
		7B14DB301C94F7ED00C37323 /* WelcomeViewController.swift in Sources */ = {isa = PBXBuildFile; fileRef = 7B14DB2F1C94F7ED00C37323 /* WelcomeViewController.swift */; };
		7B14DB321C95247700C37323 /* MeetController.swift in Sources */ = {isa = PBXBuildFile; fileRef = 7B14DB311C95247700C37323 /* MeetController.swift */; };
		7B14DB341C95AD1D00C37323 /* PlanDayViewController.swift in Sources */ = {isa = PBXBuildFile; fileRef = 7B14DB331C95AD1D00C37323 /* PlanDayViewController.swift */; };
		7B14DB361C95C35900C37323 /* DoctorDetailViewController.swift in Sources */ = {isa = PBXBuildFile; fileRef = 7B14DB351C95C35900C37323 /* DoctorDetailViewController.swift */; };
/* End PBXBuildFile section */

/* Begin PBXContainerItemProxy section */
		7B14DB0C1C94974900C37323 /* PBXContainerItemProxy */ = {
			isa = PBXContainerItemProxy;
			containerPortal = 7B14DAEF1C94974900C37323 /* Project object */;
			proxyType = 1;
			remoteGlobalIDString = 7B14DAF61C94974900C37323;
			remoteInfo = Sparky;
		};
		7B14DB171C94974900C37323 /* PBXContainerItemProxy */ = {
			isa = PBXContainerItemProxy;
			containerPortal = 7B14DAEF1C94974900C37323 /* Project object */;
			proxyType = 1;
			remoteGlobalIDString = 7B14DAF61C94974900C37323;
			remoteInfo = Sparky;
		};
/* End PBXContainerItemProxy section */

/* Begin PBXFileReference section */
		7B14DAF71C94974900C37323 /* Sparky.app */ = {isa = PBXFileReference; explicitFileType = wrapper.application; includeInIndex = 0; path = Sparky.app; sourceTree = BUILT_PRODUCTS_DIR; };
		7B14DAFA1C94974900C37323 /* AppDelegate.swift */ = {isa = PBXFileReference; lastKnownFileType = sourcecode.swift; path = AppDelegate.swift; sourceTree = "<group>"; };
		7B14DAFC1C94974900C37323 /* ViewController.swift */ = {isa = PBXFileReference; lastKnownFileType = sourcecode.swift; path = ViewController.swift; sourceTree = "<group>"; };
		7B14DAFF1C94974900C37323 /* Base */ = {isa = PBXFileReference; lastKnownFileType = file.storyboard; name = Base; path = Base.lproj/Main.storyboard; sourceTree = "<group>"; };
		7B14DB011C94974900C37323 /* Assets.xcassets */ = {isa = PBXFileReference; lastKnownFileType = folder.assetcatalog; path = Assets.xcassets; sourceTree = "<group>"; };
		7B14DB041C94974900C37323 /* Base */ = {isa = PBXFileReference; lastKnownFileType = file.storyboard; name = Base; path = Base.lproj/LaunchScreen.storyboard; sourceTree = "<group>"; };
		7B14DB061C94974900C37323 /* Info.plist */ = {isa = PBXFileReference; lastKnownFileType = text.plist.xml; path = Info.plist; sourceTree = "<group>"; };
		7B14DB0B1C94974900C37323 /* SparkyTests.xctest */ = {isa = PBXFileReference; explicitFileType = wrapper.cfbundle; includeInIndex = 0; path = SparkyTests.xctest; sourceTree = BUILT_PRODUCTS_DIR; };
		7B14DB0F1C94974900C37323 /* SparkyTests.swift */ = {isa = PBXFileReference; lastKnownFileType = sourcecode.swift; path = SparkyTests.swift; sourceTree = "<group>"; };
		7B14DB111C94974900C37323 /* Info.plist */ = {isa = PBXFileReference; lastKnownFileType = text.plist.xml; path = Info.plist; sourceTree = "<group>"; };
		7B14DB161C94974900C37323 /* SparkyUITests.xctest */ = {isa = PBXFileReference; explicitFileType = wrapper.cfbundle; includeInIndex = 0; path = SparkyUITests.xctest; sourceTree = BUILT_PRODUCTS_DIR; };
		7B14DB1A1C94974900C37323 /* SparkyUITests.swift */ = {isa = PBXFileReference; lastKnownFileType = sourcecode.swift; path = SparkyUITests.swift; sourceTree = "<group>"; };
		7B14DB1C1C94974900C37323 /* Info.plist */ = {isa = PBXFileReference; lastKnownFileType = text.plist.xml; path = Info.plist; sourceTree = "<group>"; };
		7B14DB2D1C94CE9900C37323 /* LoginViewController.swift */ = {isa = PBXFileReference; fileEncoding = 4; lastKnownFileType = sourcecode.swift; path = LoginViewController.swift; sourceTree = "<group>"; };
		7B14DB2F1C94F7ED00C37323 /* WelcomeViewController.swift */ = {isa = PBXFileReference; fileEncoding = 4; lastKnownFileType = sourcecode.swift; path = WelcomeViewController.swift; sourceTree = "<group>"; };
		7B14DB311C95247700C37323 /* MeetController.swift */ = {isa = PBXFileReference; fileEncoding = 4; lastKnownFileType = sourcecode.swift; path = MeetController.swift; sourceTree = "<group>"; };
		7B14DB331C95AD1D00C37323 /* PlanDayViewController.swift */ = {isa = PBXFileReference; fileEncoding = 4; lastKnownFileType = sourcecode.swift; path = PlanDayViewController.swift; sourceTree = "<group>"; };
		7B14DB351C95C35900C37323 /* DoctorDetailViewController.swift */ = {isa = PBXFileReference; fileEncoding = 4; lastKnownFileType = sourcecode.swift; path = DoctorDetailViewController.swift; sourceTree = "<group>"; };
/* End PBXFileReference section */

/* Begin PBXFrameworksBuildPhase section */
		7B14DAF41C94974900C37323 /* Frameworks */ = {
			isa = PBXFrameworksBuildPhase;
			buildActionMask = 2147483647;
			files = (
			);
			runOnlyForDeploymentPostprocessing = 0;
		};
		7B14DB081C94974900C37323 /* Frameworks */ = {
			isa = PBXFrameworksBuildPhase;
			buildActionMask = 2147483647;
			files = (
			);
			runOnlyForDeploymentPostprocessing = 0;
		};
		7B14DB131C94974900C37323 /* Frameworks */ = {
			isa = PBXFrameworksBuildPhase;
			buildActionMask = 2147483647;
			files = (
			);
			runOnlyForDeploymentPostprocessing = 0;
		};
/* End PBXFrameworksBuildPhase section */

/* Begin PBXGroup section */
		7B14DAEE1C94974900C37323 = {
			isa = PBXGroup;
			children = (
				7B14DAF91C94974900C37323 /* Sparky */,
				7B14DB0E1C94974900C37323 /* SparkyTests */,
				7B14DB191C94974900C37323 /* SparkyUITests */,
				7B14DAF81C94974900C37323 /* Products */,
			);
			sourceTree = "<group>";
		};
		7B14DAF81C94974900C37323 /* Products */ = {
			isa = PBXGroup;
			children = (
				7B14DAF71C94974900C37323 /* Sparky.app */,
				7B14DB0B1C94974900C37323 /* SparkyTests.xctest */,
				7B14DB161C94974900C37323 /* SparkyUITests.xctest */,
			);
			name = Products;
			sourceTree = "<group>";
		};
		7B14DAF91C94974900C37323 /* Sparky */ = {
			isa = PBXGroup;
			children = (
				7B14DB2A1C94A5C200C37323 /* ViewModel */,
				7B14DB291C94A5BC00C37323 /* View */,
				7B14DB281C94A5B600C37323 /* Model */,
				7B14DAFA1C94974900C37323 /* AppDelegate.swift */,
				7B14DB011C94974900C37323 /* Assets.xcassets */,
				7B14DB061C94974900C37323 /* Info.plist */,
			);
			path = Sparky;
			sourceTree = "<group>";
		};
		7B14DB0E1C94974900C37323 /* SparkyTests */ = {
			isa = PBXGroup;
			children = (
				7B14DB0F1C94974900C37323 /* SparkyTests.swift */,
				7B14DB111C94974900C37323 /* Info.plist */,
			);
			path = SparkyTests;
			sourceTree = "<group>";
		};
		7B14DB191C94974900C37323 /* SparkyUITests */ = {
			isa = PBXGroup;
			children = (
				7B14DB1A1C94974900C37323 /* SparkyUITests.swift */,
				7B14DB1C1C94974900C37323 /* Info.plist */,
			);
			path = SparkyUITests;
			sourceTree = "<group>";
		};
		7B14DB281C94A5B600C37323 /* Model */ = {
			isa = PBXGroup;
			children = (
			);
			name = Model;
			sourceTree = "<group>";
		};
		7B14DB291C94A5BC00C37323 /* View */ = {
			isa = PBXGroup;
			children = (
				7B14DB2C1C94A5D600C37323 /* Storyboards */,
				7B14DB2B1C94A5CE00C37323 /* ViewControllers */,
			);
			name = View;
			sourceTree = "<group>";
		};
		7B14DB2A1C94A5C200C37323 /* ViewModel */ = {
			isa = PBXGroup;
			children = (
			);
			name = ViewModel;
			sourceTree = "<group>";
		};
		7B14DB2B1C94A5CE00C37323 /* ViewControllers */ = {
			isa = PBXGroup;
			children = (
				7B14DAFC1C94974900C37323 /* ViewController.swift */,
				7B14DB2D1C94CE9900C37323 /* LoginViewController.swift */,
				7B14DB2F1C94F7ED00C37323 /* WelcomeViewController.swift */,
				7B14DB311C95247700C37323 /* MeetController.swift */,
				7B14DB331C95AD1D00C37323 /* PlanDayViewController.swift */,
				7B14DB351C95C35900C37323 /* DoctorDetailViewController.swift */,
			);
			name = ViewControllers;
			sourceTree = "<group>";
		};
		7B14DB2C1C94A5D600C37323 /* Storyboards */ = {
			isa = PBXGroup;
			children = (
				7B14DAFE1C94974900C37323 /* Main.storyboard */,
				7B14DB031C94974900C37323 /* LaunchScreen.storyboard */,
			);
			name = Storyboards;
			sourceTree = "<group>";
		};
/* End PBXGroup section */

/* Begin PBXNativeTarget section */
		7B14DAF61C94974900C37323 /* Sparky */ = {
			isa = PBXNativeTarget;
			buildConfigurationList = 7B14DB1F1C94974900C37323 /* Build configuration list for PBXNativeTarget "Sparky" */;
			buildPhases = (
				7B14DAF31C94974900C37323 /* Sources */,
				7B14DAF41C94974900C37323 /* Frameworks */,
				7B14DAF51C94974900C37323 /* Resources */,
			);
			buildRules = (
			);
			dependencies = (
			);
			name = Sparky;
			productName = Sparky;
			productReference = 7B14DAF71C94974900C37323 /* Sparky.app */;
			productType = "com.apple.product-type.application";
		};
		7B14DB0A1C94974900C37323 /* SparkyTests */ = {
			isa = PBXNativeTarget;
			buildConfigurationList = 7B14DB221C94974900C37323 /* Build configuration list for PBXNativeTarget "SparkyTests" */;
			buildPhases = (
				7B14DB071C94974900C37323 /* Sources */,
				7B14DB081C94974900C37323 /* Frameworks */,
				7B14DB091C94974900C37323 /* Resources */,
			);
			buildRules = (
			);
			dependencies = (
				7B14DB0D1C94974900C37323 /* PBXTargetDependency */,
			);
			name = SparkyTests;
			productName = SparkyTests;
			productReference = 7B14DB0B1C94974900C37323 /* SparkyTests.xctest */;
			productType = "com.apple.product-type.bundle.unit-test";
		};
		7B14DB151C94974900C37323 /* SparkyUITests */ = {
			isa = PBXNativeTarget;
			buildConfigurationList = 7B14DB251C94974900C37323 /* Build configuration list for PBXNativeTarget "SparkyUITests" */;
			buildPhases = (
				7B14DB121C94974900C37323 /* Sources */,
				7B14DB131C94974900C37323 /* Frameworks */,
				7B14DB141C94974900C37323 /* Resources */,
			);
			buildRules = (
			);
			dependencies = (
				7B14DB181C94974900C37323 /* PBXTargetDependency */,
			);
			name = SparkyUITests;
			productName = SparkyUITests;
			productReference = 7B14DB161C94974900C37323 /* SparkyUITests.xctest */;
			productType = "com.apple.product-type.bundle.ui-testing";
		};
/* End PBXNativeTarget section */

/* Begin PBXProject section */
		7B14DAEF1C94974900C37323 /* Project object */ = {
			isa = PBXProject;
			attributes = {
				LastSwiftUpdateCheck = 0720;
				LastUpgradeCheck = 0720;
				ORGANIZATIONNAME = TeamSparky;
				TargetAttributes = {
					7B14DAF61C94974900C37323 = {
						CreatedOnToolsVersion = 7.2.1;
					};
					7B14DB0A1C94974900C37323 = {
						CreatedOnToolsVersion = 7.2.1;
						TestTargetID = 7B14DAF61C94974900C37323;
					};
					7B14DB151C94974900C37323 = {
						CreatedOnToolsVersion = 7.2.1;
						TestTargetID = 7B14DAF61C94974900C37323;
					};
				};
			};
			buildConfigurationList = 7B14DAF21C94974900C37323 /* Build configuration list for PBXProject "Sparky" */;
			compatibilityVersion = "Xcode 3.2";
			developmentRegion = English;
			hasScannedForEncodings = 0;
			knownRegions = (
				en,
				Base,
			);
			mainGroup = 7B14DAEE1C94974900C37323;
			productRefGroup = 7B14DAF81C94974900C37323 /* Products */;
			projectDirPath = "";
			projectRoot = "";
			targets = (
				7B14DAF61C94974900C37323 /* Sparky */,
				7B14DB0A1C94974900C37323 /* SparkyTests */,
				7B14DB151C94974900C37323 /* SparkyUITests */,
			);
		};
/* End PBXProject section */

/* Begin PBXResourcesBuildPhase section */
		7B14DAF51C94974900C37323 /* Resources */ = {
			isa = PBXResourcesBuildPhase;
			buildActionMask = 2147483647;
			files = (
				7B14DB051C94974900C37323 /* LaunchScreen.storyboard in Resources */,
				7B14DB021C94974900C37323 /* Assets.xcassets in Resources */,
				7B14DB001C94974900C37323 /* Main.storyboard in Resources */,
			);
			runOnlyForDeploymentPostprocessing = 0;
		};
		7B14DB091C94974900C37323 /* Resources */ = {
			isa = PBXResourcesBuildPhase;
			buildActionMask = 2147483647;
			files = (
			);
			runOnlyForDeploymentPostprocessing = 0;
		};
		7B14DB141C94974900C37323 /* Resources */ = {
			isa = PBXResourcesBuildPhase;
			buildActionMask = 2147483647;
			files = (
			);
			runOnlyForDeploymentPostprocessing = 0;
		};
/* End PBXResourcesBuildPhase section */

/* Begin PBXSourcesBuildPhase section */
		7B14DAF31C94974900C37323 /* Sources */ = {
			isa = PBXSourcesBuildPhase;
			buildActionMask = 2147483647;
			files = (
				7B14DB341C95AD1D00C37323 /* PlanDayViewController.swift in Sources */,
				7B14DB2E1C94CE9900C37323 /* LoginViewController.swift in Sources */,
				7B14DB301C94F7ED00C37323 /* WelcomeViewController.swift in Sources */,
				7B14DB361C95C35900C37323 /* DoctorDetailViewController.swift in Sources */,
				7B14DAFD1C94974900C37323 /* ViewController.swift in Sources */,
				7B14DAFB1C94974900C37323 /* AppDelegate.swift in Sources */,
				7B14DB321C95247700C37323 /* MeetController.swift in Sources */,
			);
			runOnlyForDeploymentPostprocessing = 0;
		};
		7B14DB071C94974900C37323 /* Sources */ = {
			isa = PBXSourcesBuildPhase;
			buildActionMask = 2147483647;
			files = (
				7B14DB101C94974900C37323 /* SparkyTests.swift in Sources */,
			);
			runOnlyForDeploymentPostprocessing = 0;
		};
		7B14DB121C94974900C37323 /* Sources */ = {
			isa = PBXSourcesBuildPhase;
			buildActionMask = 2147483647;
			files = (
				7B14DB1B1C94974900C37323 /* SparkyUITests.swift in Sources */,
			);
			runOnlyForDeploymentPostprocessing = 0;
		};
/* End PBXSourcesBuildPhase section */

/* Begin PBXTargetDependency section */
		7B14DB0D1C94974900C37323 /* PBXTargetDependency */ = {
			isa = PBXTargetDependency;
			target = 7B14DAF61C94974900C37323 /* Sparky */;
			targetProxy = 7B14DB0C1C94974900C37323 /* PBXContainerItemProxy */;
		};
		7B14DB181C94974900C37323 /* PBXTargetDependency */ = {
			isa = PBXTargetDependency;
			target = 7B14DAF61C94974900C37323 /* Sparky */;
			targetProxy = 7B14DB171C94974900C37323 /* PBXContainerItemProxy */;
		};
/* End PBXTargetDependency section */

/* Begin PBXVariantGroup section */
		7B14DAFE1C94974900C37323 /* Main.storyboard */ = {
			isa = PBXVariantGroup;
			children = (
				7B14DAFF1C94974900C37323 /* Base */,
			);
			name = Main.storyboard;
			sourceTree = "<group>";
		};
		7B14DB031C94974900C37323 /* LaunchScreen.storyboard */ = {
			isa = PBXVariantGroup;
			children = (
				7B14DB041C94974900C37323 /* Base */,
			);
			name = LaunchScreen.storyboard;
			sourceTree = "<group>";
		};
/* End PBXVariantGroup section */

/* Begin XCBuildConfiguration section */
		7B14DB1D1C94974900C37323 /* Debug */ = {
			isa = XCBuildConfiguration;
			buildSettings = {
				ALWAYS_SEARCH_USER_PATHS = NO;
				CLANG_CXX_LANGUAGE_STANDARD = "gnu++0x";
				CLANG_CXX_LIBRARY = "libc++";
				CLANG_ENABLE_MODULES = YES;
				CLANG_ENABLE_OBJC_ARC = YES;
				CLANG_WARN_BOOL_CONVERSION = YES;
				CLANG_WARN_CONSTANT_CONVERSION = YES;
				CLANG_WARN_DIRECT_OBJC_ISA_USAGE = YES_ERROR;
				CLANG_WARN_EMPTY_BODY = YES;
				CLANG_WARN_ENUM_CONVERSION = YES;
				CLANG_WARN_INT_CONVERSION = YES;
				CLANG_WARN_OBJC_ROOT_CLASS = YES_ERROR;
				CLANG_WARN_UNREACHABLE_CODE = YES;
				CLANG_WARN__DUPLICATE_METHOD_MATCH = YES;
				"CODE_SIGN_IDENTITY[sdk=iphoneos*]" = "iPhone Developer";
				COPY_PHASE_STRIP = NO;
				DEBUG_INFORMATION_FORMAT = dwarf;
				ENABLE_STRICT_OBJC_MSGSEND = YES;
				ENABLE_TESTABILITY = YES;
				GCC_C_LANGUAGE_STANDARD = gnu99;
				GCC_DYNAMIC_NO_PIC = NO;
				GCC_NO_COMMON_BLOCKS = YES;
				GCC_OPTIMIZATION_LEVEL = 0;
				GCC_PREPROCESSOR_DEFINITIONS = (
					"DEBUG=1",
					"$(inherited)",
				);
				GCC_WARN_64_TO_32_BIT_CONVERSION = YES;
				GCC_WARN_ABOUT_RETURN_TYPE = YES_ERROR;
				GCC_WARN_UNDECLARED_SELECTOR = YES;
				GCC_WARN_UNINITIALIZED_AUTOS = YES_AGGRESSIVE;
				GCC_WARN_UNUSED_FUNCTION = YES;
				GCC_WARN_UNUSED_VARIABLE = YES;
				IPHONEOS_DEPLOYMENT_TARGET = 9.2;
				MTL_ENABLE_DEBUG_INFO = YES;
				ONLY_ACTIVE_ARCH = YES;
				SDKROOT = iphoneos;
				SWIFT_OPTIMIZATION_LEVEL = "-Onone";
			};
			name = Debug;
		};
		7B14DB1E1C94974900C37323 /* Release */ = {
			isa = XCBuildConfiguration;
			buildSettings = {
				ALWAYS_SEARCH_USER_PATHS = NO;
				CLANG_CXX_LANGUAGE_STANDARD = "gnu++0x";
				CLANG_CXX_LIBRARY = "libc++";
				CLANG_ENABLE_MODULES = YES;
				CLANG_ENABLE_OBJC_ARC = YES;
				CLANG_WARN_BOOL_CONVERSION = YES;
				CLANG_WARN_CONSTANT_CONVERSION = YES;
				CLANG_WARN_DIRECT_OBJC_ISA_USAGE = YES_ERROR;
				CLANG_WARN_EMPTY_BODY = YES;
				CLANG_WARN_ENUM_CONVERSION = YES;
				CLANG_WARN_INT_CONVERSION = YES;
				CLANG_WARN_OBJC_ROOT_CLASS = YES_ERROR;
				CLANG_WARN_UNREACHABLE_CODE = YES;
				CLANG_WARN__DUPLICATE_METHOD_MATCH = YES;
				"CODE_SIGN_IDENTITY[sdk=iphoneos*]" = "iPhone Developer";
				COPY_PHASE_STRIP = NO;
				DEBUG_INFORMATION_FORMAT = "dwarf-with-dsym";
				ENABLE_NS_ASSERTIONS = NO;
				ENABLE_STRICT_OBJC_MSGSEND = YES;
				GCC_C_LANGUAGE_STANDARD = gnu99;
				GCC_NO_COMMON_BLOCKS = YES;
				GCC_WARN_64_TO_32_BIT_CONVERSION = YES;
				GCC_WARN_ABOUT_RETURN_TYPE = YES_ERROR;
				GCC_WARN_UNDECLARED_SELECTOR = YES;
				GCC_WARN_UNINITIALIZED_AUTOS = YES_AGGRESSIVE;
				GCC_WARN_UNUSED_FUNCTION = YES;
				GCC_WARN_UNUSED_VARIABLE = YES;
				IPHONEOS_DEPLOYMENT_TARGET = 9.2;
				MTL_ENABLE_DEBUG_INFO = NO;
				SDKROOT = iphoneos;
				VALIDATE_PRODUCT = YES;
			};
			name = Release;
		};
		7B14DB201C94974900C37323 /* Debug */ = {
			isa = XCBuildConfiguration;
			buildSettings = {
				ASSETCATALOG_COMPILER_APPICON_NAME = AppIcon;
				INFOPLIST_FILE = Sparky/Info.plist;
				LD_RUNPATH_SEARCH_PATHS = "$(inherited) @executable_path/Frameworks";
				PRODUCT_BUNDLE_IDENTIFIER = teamsparky.Sparky;
				PRODUCT_NAME = "$(TARGET_NAME)";
			};
			name = Debug;
		};
		7B14DB211C94974900C37323 /* Release */ = {
			isa = XCBuildConfiguration;
			buildSettings = {
				ASSETCATALOG_COMPILER_APPICON_NAME = AppIcon;
				INFOPLIST_FILE = Sparky/Info.plist;
				LD_RUNPATH_SEARCH_PATHS = "$(inherited) @executable_path/Frameworks";
				PRODUCT_BUNDLE_IDENTIFIER = teamsparky.Sparky;
				PRODUCT_NAME = "$(TARGET_NAME)";
			};
			name = Release;
		};
		7B14DB231C94974900C37323 /* Debug */ = {
			isa = XCBuildConfiguration;
			buildSettings = {
				BUNDLE_LOADER = "$(TEST_HOST)";
				INFOPLIST_FILE = SparkyTests/Info.plist;
				LD_RUNPATH_SEARCH_PATHS = "$(inherited) @executable_path/Frameworks @loader_path/Frameworks";
				PRODUCT_BUNDLE_IDENTIFIER = teamsparky.SparkyTests;
				PRODUCT_NAME = "$(TARGET_NAME)";
				TEST_HOST = "$(BUILT_PRODUCTS_DIR)/Sparky.app/Sparky";
			};
			name = Debug;
		};
		7B14DB241C94974900C37323 /* Release */ = {
			isa = XCBuildConfiguration;
			buildSettings = {
				BUNDLE_LOADER = "$(TEST_HOST)";
				INFOPLIST_FILE = SparkyTests/Info.plist;
				LD_RUNPATH_SEARCH_PATHS = "$(inherited) @executable_path/Frameworks @loader_path/Frameworks";
				PRODUCT_BUNDLE_IDENTIFIER = teamsparky.SparkyTests;
				PRODUCT_NAME = "$(TARGET_NAME)";
				TEST_HOST = "$(BUILT_PRODUCTS_DIR)/Sparky.app/Sparky";
			};
			name = Release;
		};
		7B14DB261C94974900C37323 /* Debug */ = {
			isa = XCBuildConfiguration;
			buildSettings = {
				INFOPLIST_FILE = SparkyUITests/Info.plist;
				LD_RUNPATH_SEARCH_PATHS = "$(inherited) @executable_path/Frameworks @loader_path/Frameworks";
				PRODUCT_BUNDLE_IDENTIFIER = teamsparky.SparkyUITests;
				PRODUCT_NAME = "$(TARGET_NAME)";
				TEST_TARGET_NAME = Sparky;
				USES_XCTRUNNER = YES;
			};
			name = Debug;
		};
		7B14DB271C94974900C37323 /* Release */ = {
			isa = XCBuildConfiguration;
			buildSettings = {
				INFOPLIST_FILE = SparkyUITests/Info.plist;
				LD_RUNPATH_SEARCH_PATHS = "$(inherited) @executable_path/Frameworks @loader_path/Frameworks";
				PRODUCT_BUNDLE_IDENTIFIER = teamsparky.SparkyUITests;
				PRODUCT_NAME = "$(TARGET_NAME)";
				TEST_TARGET_NAME = Sparky;
				USES_XCTRUNNER = YES;
			};
			name = Release;
		};
/* End XCBuildConfiguration section */

/* Begin XCConfigurationList section */
		7B14DAF21C94974900C37323 /* Build configuration list for PBXProject "Sparky" */ = {
			isa = XCConfigurationList;
			buildConfigurations = (
				7B14DB1D1C94974900C37323 /* Debug */,
				7B14DB1E1C94974900C37323 /* Release */,
			);
			defaultConfigurationIsVisible = 0;
			defaultConfigurationName = Release;
		};
		7B14DB1F1C94974900C37323 /* Build configuration list for PBXNativeTarget "Sparky" */ = {
			isa = XCConfigurationList;
			buildConfigurations = (
				7B14DB201C94974900C37323 /* Debug */,
				7B14DB211C94974900C37323 /* Release */,
			);
			defaultConfigurationIsVisible = 0;
			defaultConfigurationName = Release;
		};
		7B14DB221C94974900C37323 /* Build configuration list for PBXNativeTarget "SparkyTests" */ = {
			isa = XCConfigurationList;
			buildConfigurations = (
				7B14DB231C94974900C37323 /* Debug */,
				7B14DB241C94974900C37323 /* Release */,
			);
			defaultConfigurationIsVisible = 0;
			defaultConfigurationName = Release;
		};
		7B14DB251C94974900C37323 /* Build configuration list for PBXNativeTarget "SparkyUITests" */ = {
			isa = XCConfigurationList;
			buildConfigurations = (
				7B14DB261C94974900C37323 /* Debug */,
				7B14DB271C94974900C37323 /* Release */,
			);
			defaultConfigurationIsVisible = 0;
			defaultConfigurationName = Release;
		};
/* End XCConfigurationList section */
	};
	rootObject = 7B14DAEF1C94974900C37323 /* Project object */;
}
